
Microsoft Visual Studio Solution File, Format Version 12.00
# Visual Studio Version 16
VisualStudioVersion = 16.0.33214.272
MinimumVisualStudioVersion = 10.0.40219.1
Project("{FAE04EC0-301F-11D3-BF4B-00C04F79EFBC}") = "MusicStoreAngularjsMVCApp", "MusicStoreAngularjsMVCApp\MusicStoreAngularjsMVCApp.csproj", "{B274B544-26D3-48F3-A801-0071150CC161}"
EndProject
Global
	GlobalSection(SolutionConfigurationPlatforms) = preSolution
		Debug|Any CPU = Debug|Any CPU
		Release|Any CPU = Release|Any CPU
	EndGlobalSection
	GlobalSection(ProjectConfigurationPlatforms) = postSolution
		{B274B544-26D3-48F3-A801-0071150CC161}.Debug|Any CPU.ActiveCfg = Debug|Any CPU
		{B274B544-26D3-48F3-A801-0071150CC161}.Debug|Any CPU.Build.0 = Debug|Any CPU
		{B274B544-26D3-48F3-A801-0071150CC161}.Release|Any CPU.ActiveCfg = Release|Any CPU
		{B274B544-26D3-48F3-A801-0071150CC161}.Release|Any CPU.Build.0 = Release|Any CPU
	EndGlobalSection
	GlobalSection(SolutionProperties) = preSolution
		HideSolutionNode = FALSE
	EndGlobalSection
	GlobalSection(ExtensibilityGlobals) = postSolution
		SolutionGuid = {81C10F0D-9C64-43FE-B913-D2AB59882CBB}
	EndGlobalSection
EndGlobal
